
Microsoft Visual Studio Solution File, Format Version 12.00
# Visual Studio Version 17
VisualStudioVersion = 17.0.31903.59
MinimumVisualStudioVersion = 10.0.40219.1
Project("{2150E333-8FDC-42A3-9474-1A3956D46DE8}") = "src", "src", "{827E0CD3-B72D-47B6-A68D-7590B98EB39B}"
EndProject
Project("{FAE04EC0-301F-11D3-BF4B-00C04F79EFBC}") = "RepoManager.Contracts", "src\RepoManager.Contracts\RepoManager.Contracts.csproj", "{E0542473-36ED-43A9-B3AE-1E24B1D888A9}"
EndProject
Project("{FAE04EC0-301F-11D3-BF4B-00C04F79EFBC}") = "RepoManager.Core", "src\RepoManager.Core\RepoManager.Core.csproj", "{79637984-E8B2-40B9-AC19-79A57C28494B}"
EndProject
Project("{FAE04EC0-301F-11D3-BF4B-00C04F79EFBC}") = "RepoManager.App", "src\RepoManager.App\RepoManager.App.csproj", "{EA5ED7C1-6D2B-4A89-BAC0-8ED39EA7D825}"
EndProject
Project("{FAE04EC0-301F-11D3-BF4B-00C04F79EFBC}") = "RepoManager.Cli", "src\RepoManager.Cli\RepoManager.Cli.csproj", "{452D49CD-C535-417F-8CC8-469F69CA8E6A}"
EndProject
Project("{2150E333-8FDC-42A3-9474-1A3956D46DE8}") = "tests", "tests", "{0AB3BF05-4346-4AA6-1389-037BE0695223}"
EndProject
Project("{FAE04EC0-301F-11D3-BF4B-00C04F79EFBC}") = "RepoManager.Tests", "tests\RepoManager.Tests\RepoManager.Tests.csproj", "{68ACC612-8E5F-4D39-94CF-957B61F5B239}"
EndProject
Project("{FAE04EC0-301F-11D3-BF4B-00C04F79EFBC}") = "FakeServer", "tests\FakeServer\FakeServer.csproj", "{187F2C67-4942-4E3D-AA01-D9BE49B2E54F}"
EndProject
Global
	GlobalSection(SolutionConfigurationPlatforms) = preSolution
		Debug|Any CPU = Debug|Any CPU
		Debug|x64 = Debug|x64
		Debug|x86 = Debug|x86
		Release|Any CPU = Release|Any CPU
		Release|x64 = Release|x64
		Release|x86 = Release|x86
	EndGlobalSection
	GlobalSection(ProjectConfigurationPlatforms) = postSolution
		{E0542473-36ED-43A9-B3AE-1E24B1D888A9}.Debug|Any CPU.ActiveCfg = Debug|Any CPU
		{E0542473-36ED-43A9-B3AE-1E24B1D888A9}.Debug|Any CPU.Build.0 = Debug|Any CPU
		{E0542473-36ED-43A9-B3AE-1E24B1D888A9}.Debug|x64.ActiveCfg = Debug|Any CPU
		{E0542473-36ED-43A9-B3AE-1E24B1D888A9}.Debug|x64.Build.0 = Debug|Any CPU
		{E0542473-36ED-43A9-B3AE-1E24B1D888A9}.Debug|x86.ActiveCfg = Debug|Any CPU
		{E0542473-36ED-43A9-B3AE-1E24B1D888A9}.Debug|x86.Build.0 = Debug|Any CPU
		{E0542473-36ED-43A9-B3AE-1E24B1D888A9}.Release|Any CPU.ActiveCfg = Release|Any CPU
		{E0542473-36ED-43A9-B3AE-1E24B1D888A9}.Release|Any CPU.Build.0 = Release|Any CPU
		{E0542473-36ED-43A9-B3AE-1E24B1D888A9}.Release|x64.ActiveCfg = Release|Any CPU
		{E0542473-36ED-43A9-B3AE-1E24B1D888A9}.Release|x64.Build.0 = Release|Any CPU
		{E0542473-36ED-43A9-B3AE-1E24B1D888A9}.Release|x86.ActiveCfg = Release|Any CPU
		{E0542473-36ED-43A9-B3AE-1E24B1D888A9}.Release|x86.Build.0 = Release|Any CPU
		{79637984-E8B2-40B9-AC19-79A57C28494B}.Debug|Any CPU.ActiveCfg = Debug|Any CPU
		{79637984-E8B2-40B9-AC19-79A57C28494B}.Debug|Any CPU.Build.0 = Debug|Any CPU
		{79637984-E8B2-40B9-AC19-79A57C28494B}.Debug|x64.ActiveCfg = Debug|Any CPU
		{79637984-E8B2-40B9-AC19-79A57C28494B}.Debug|x64.Build.0 = Debug|Any CPU
		{79637984-E8B2-40B9-AC19-79A57C28494B}.Debug|x86.ActiveCfg = Debug|Any CPU
		{79637984-E8B2-40B9-AC19-79A57C28494B}.Debug|x86.Build.0 = Debug|Any CPU
		{79637984-E8B2-40B9-AC19-79A57C28494B}.Release|Any CPU.ActiveCfg = Release|Any CPU
		{79637984-E8B2-40B9-AC19-79A57C28494B}.Release|Any CPU.Build.0 = Release|Any CPU
		{79637984-E8B2-40B9-AC19-79A57C28494B}.Release|x64.ActiveCfg = Release|Any CPU
		{79637984-E8B2-40B9-AC19-79A57C28494B}.Release|x64.Build.0 = Release|Any CPU
		{79637984-E8B2-40B9-AC19-79A57C28494B}.Release|x86.ActiveCfg = Release|Any CPU
		{79637984-E8B2-40B9-AC19-79A57C28494B}.Release|x86.Build.0 = Release|Any CPU
		{EA5ED7C1-6D2B-4A89-BAC0-8ED39EA7D825}.Debug|Any CPU.ActiveCfg = Debug|Any CPU
		{EA5ED7C1-6D2B-4A89-BAC0-8ED39EA7D825}.Debug|Any CPU.Build.0 = Debug|Any CPU
		{EA5ED7C1-6D2B-4A89-BAC0-8ED39EA7D825}.Debug|x64.ActiveCfg = Debug|Any CPU
		{EA5ED7C1-6D2B-4A89-BAC0-8ED39EA7D825}.Debug|x64.Build.0 = Debug|Any CPU
		{EA5ED7C1-6D2B-4A89-BAC0-8ED39EA7D825}.Debug|x86.ActiveCfg = Debug|Any CPU
		{EA5ED7C1-6D2B-4A89-BAC0-8ED39EA7D825}.Debug|x86.Build.0 = Debug|Any CPU
		{EA5ED7C1-6D2B-4A89-BAC0-8ED39EA7D825}.Release|Any CPU.ActiveCfg = Release|Any CPU
		{EA5ED7C1-6D2B-4A89-BAC0-8ED39EA7D825}.Release|Any CPU.Build.0 = Release|Any CPU
		{EA5ED7C1-6D2B-4A89-BAC0-8ED39EA7D825}.Release|x64.ActiveCfg = Release|Any CPU
		{EA5ED7C1-6D2B-4A89-BAC0-8ED39EA7D825}.Release|x64.Build.0 = Release|Any CPU
		{EA5ED7C1-6D2B-4A89-BAC0-8ED39EA7D825}.Release|x86.ActiveCfg = Release|Any CPU
		{EA5ED7C1-6D2B-4A89-BAC0-8ED39EA7D825}.Release|x86.Build.0 = Release|Any CPU
		{452D49CD-C535-417F-8CC8-469F69CA8E6A}.Debug|Any CPU.ActiveCfg = Debug|Any CPU
		{452D49CD-C535-417F-8CC8-469F69CA8E6A}.Debug|Any CPU.Build.0 = Debug|Any CPU
		{452D49CD-C535-417F-8CC8-469F69CA8E6A}.Debug|x64.ActiveCfg = Debug|Any CPU
		{452D49CD-C535-417F-8CC8-469F69CA8E6A}.Debug|x64.Build.0 = Debug|Any CPU
		{452D49CD-C535-417F-8CC8-469F69CA8E6A}.Debug|x86.ActiveCfg = Debug|Any CPU
		{452D49CD-C535-417F-8CC8-469F69CA8E6A}.Debug|x86.Build.0 = Debug|Any CPU
		{452D49CD-C535-417F-8CC8-469F69CA8E6A}.Release|Any CPU.ActiveCfg = Release|Any CPU
		{452D49CD-C535-417F-8CC8-469F69CA8E6A}.Release|Any CPU.Build.0 = Release|Any CPU
		{452D49CD-C535-417F-8CC8-469F69CA8E6A}.Release|x64.ActiveCfg = Release|Any CPU
		{452D49CD-C535-417F-8CC8-469F69CA8E6A}.Release|x64.Build.0 = Release|Any CPU
		{452D49CD-C535-417F-8CC8-469F69CA8E6A}.Release|x86.ActiveCfg = Release|Any CPU
		{452D49CD-C535-417F-8CC8-469F69CA8E6A}.Release|x86.Build.0 = Release|Any CPU
		{68ACC612-8E5F-4D39-94CF-957B61F5B239}.Debug|Any CPU.ActiveCfg = Debug|Any CPU
		{68ACC612-8E5F-4D39-94CF-957B61F5B239}.Debug|Any CPU.Build.0 = Debug|Any CPU
		{68ACC612-8E5F-4D39-94CF-957B61F5B239}.Debug|x64.ActiveCfg = Debug|Any CPU
		{68ACC612-8E5F-4D39-94CF-957B61F5B239}.Debug|x64.Build.0 = Debug|Any CPU
		{68ACC612-8E5F-4D39-94CF-957B61F5B239}.Debug|x86.ActiveCfg = Debug|Any CPU
		{68ACC612-8E5F-4D39-94CF-957B61F5B239}.Debug|x86.Build.0 = Debug|Any CPU
		{68ACC612-8E5F-4D39-94CF-957B61F5B239}.Release|Any CPU.ActiveCfg = Release|Any CPU
		{68ACC612-8E5F-4D39-94CF-957B61F5B239}.Release|Any CPU.Build.0 = Release|Any CPU
		{68ACC612-8E5F-4D39-94CF-957B61F5B239}.Release|x64.ActiveCfg = Release|Any CPU
		{68ACC612-8E5F-4D39-94CF-957B61F5B239}.Release|x64.Build.0 = Release|Any CPU
		{68ACC612-8E5F-4D39-94CF-957B61F5B239}.Release|x86.ActiveCfg = Release|Any CPU
		{68ACC612-8E5F-4D39-94CF-957B61F5B239}.Release|x86.Build.0 = Release|Any CPU
		{187F2C67-4942-4E3D-AA01-D9BE49B2E54F}.Debug|Any CPU.ActiveCfg = Debug|Any CPU
		{187F2C67-4942-4E3D-AA01-D9BE49B2E54F}.Debug|Any CPU.Build.0 = Debug|Any CPU
		{187F2C67-4942-4E3D-AA01-D9BE49B2E54F}.Debug|x64.ActiveCfg = Debug|Any CPU
		{187F2C67-4942-4E3D-AA01-D9BE49B2E54F}.Debug|x64.Build.0 = Debug|Any CPU
		{187F2C67-4942-4E3D-AA01-D9BE49B2E54F}.Debug|x86.ActiveCfg = Debug|Any CPU
		{187F2C67-4942-4E3D-AA01-D9BE49B2E54F}.Debug|x86.Build.0 = Debug|Any CPU
		{187F2C67-4942-4E3D-AA01-D9BE49B2E54F}.Release|Any CPU.ActiveCfg = Release|Any CPU
		{187F2C67-4942-4E3D-AA01-D9BE49B2E54F}.Release|Any CPU.Build.0 = Release|Any CPU
		{187F2C67-4942-4E3D-AA01-D9BE49B2E54F}.Release|x64.ActiveCfg = Release|Any CPU
		{187F2C67-4942-4E3D-AA01-D9BE49B2E54F}.Release|x64.Build.0 = Release|Any CPU
		{187F2C67-4942-4E3D-AA01-D9BE49B2E54F}.Release|x86.ActiveCfg = Release|Any CPU
		{187F2C67-4942-4E3D-AA01-D9BE49B2E54F}.Release|x86.Build.0 = Release|Any CPU
	EndGlobalSection
	GlobalSection(SolutionProperties) = preSolution
		HideSolutionNode = FALSE
	EndGlobalSection
	GlobalSection(NestedProjects) = preSolution
		{E0542473-36ED-43A9-B3AE-1E24B1D888A9} = {827E0CD3-B72D-47B6-A68D-7590B98EB39B}
		{79637984-E8B2-40B9-AC19-79A57C28494B} = {827E0CD3-B72D-47B6-A68D-7590B98EB39B}
		{EA5ED7C1-6D2B-4A89-BAC0-8ED39EA7D825} = {827E0CD3-B72D-47B6-A68D-7590B98EB39B}
		{452D49CD-C535-417F-8CC8-469F69CA8E6A} = {827E0CD3-B72D-47B6-A68D-7590B98EB39B}
		{68ACC612-8E5F-4D39-94CF-957B61F5B239} = {0AB3BF05-4346-4AA6-1389-037BE0695223}
		{187F2C67-4942-4E3D-AA01-D9BE49B2E54F} = {0AB3BF05-4346-4AA6-1389-037BE0695223}
	EndGlobalSection
EndGlobal
